
Microsoft Visual Studio Solution File, Format Version 12.00
# Visual Studio Version 17
VisualStudioVersion = 17.0.32112.339
MinimumVisualStudioVersion = 10.0.40219.1
Project("{FAE04EC0-301F-11D3-BF4B-00C04F79EFBC}") = "JG27-Test1", "JG27-Test1\JG27-Test1.csproj", "{A021A317-0DF0-4275-BE3E-CC05112DB11F}"
EndProject
Global
	GlobalSection(SolutionConfigurationPlatforms) = preSolution
		Debug|Any CPU = Debug|Any CPU
		Release|Any CPU = Release|Any CPU
	EndGlobalSection
	GlobalSection(ProjectConfigurationPlatforms) = postSolution
		{A021A317-0DF0-4275-BE3E-CC05112DB11F}.Debug|Any CPU.ActiveCfg = Debug|Any CPU
		{A021A317-0DF0-4275-BE3E-CC05112DB11F}.Debug|Any CPU.Build.0 = Debug|Any CPU
		{A021A317-0DF0-4275-BE3E-CC05112DB11F}.Release|Any CPU.ActiveCfg = Release|Any CPU
		{A021A317-0DF0-4275-BE3E-CC05112DB11F}.Release|Any CPU.Build.0 = Release|Any CPU
	EndGlobalSection
	GlobalSection(SolutionProperties) = preSolution
		HideSolutionNode = FALSE
	EndGlobalSection
	GlobalSection(ExtensibilityGlobals) = postSolution
		SolutionGuid = {E0274085-8D35-4164-BE7E-17C7E9ED0502}
	EndGlobalSection
EndGlobal
